// !$*UTF8*$!
{
	archiveVersion = 1;
	classes = {
	};
	objectVersion = 46;
	objects = {

/* Begin PBXBuildFile section */
		1C8DCAF916F8B78A00B872DF /* AGSimpleImageEditorView.m in Sources */ = {isa = PBXBuildFile; fileRef = 1C8DCADC16F8B78A00B872DF /* AGSimpleImageEditorView.m */; settings = {COMPILER_FLAGS = " -fno-objc-arc"; }; };
		1C8DCAFA16F8B78A00B872DF /* BJImageCropper.m in Sources */ = {isa = PBXBuildFile; fileRef = 1C8DCADF16F8B78A00B872DF /* BJImageCropper.m */; settings = {COMPILER_FLAGS = " -fno-objc-arc"; }; };
		1C8DCAFB16F8B78A00B872DF /* JBSignatureView.m in Sources */ = {isa = PBXBuildFile; fileRef = 1C8DCAE116F8B78A00B872DF /* JBSignatureView.m */; settings = {COMPILER_FLAGS = " -fno-objc-arc"; }; };
		1C8DCAFC16F8B78A00B872DF /* MCSegmentedControl.m in Sources */ = {isa = PBXBuildFile; fileRef = 1C8DCAE416F8B78A00B872DF /* MCSegmentedControl.m */; settings = {COMPILER_FLAGS = " -fno-objc-arc"; }; };
		1C8DCAFD16F8B78A00B872DF /* UICliper.m in Sources */ = {isa = PBXBuildFile; fileRef = 1C8DCAE616F8B78A00B872DF /* UICliper.m */; settings = {COMPILER_FLAGS = " -fno-objc-arc"; }; };
		1C8DCB0C16F8B78A00B872DF /* VIcImageViewController.m in Sources */ = {isa = PBXBuildFile; fileRef = 1C8DCAF816F8B78A00B872DF /* VIcImageViewController.m */; settings = {COMPILER_FLAGS = " -fno-objc-arc"; }; };
		E0812737ECD1404B92D5D84D /* libPods.a in Frameworks */ = {isa = PBXBuildFile; fileRef = CC228876CB17435F86257E2C /* libPods.a */; };
		F9035AF216F0160B00DABD67 /* VDShareKitDemoViewController.m in Sources */ = {isa = PBXBuildFile; fileRef = F9035AF116F0160B00DABD67 /* VDShareKitDemoViewController.m */; };
		F9035D1F16F05CC000DABD67 /* VDScrollDemoViewController.m in Sources */ = {isa = PBXBuildFile; fileRef = F9035D1E16F05CC000DABD67 /* VDScrollDemoViewController.m */; };
		F912463B16F9520E009679C4 /* QuartzCore.framework in Frameworks */ = {isa = PBXBuildFile; fileRef = F912463A16F9520E009679C4 /* QuartzCore.framework */; };
		F912463D16F95226009679C4 /* AssetsLibrary.framework in Frameworks */ = {isa = PBXBuildFile; fileRef = F912463C16F95226009679C4 /* AssetsLibrary.framework */; };
		F912464116F95B9E009679C4 /* Pic.bundle in Resources */ = {isa = PBXBuildFile; fileRef = F912464016F95B9E009679C4 /* Pic.bundle */; };
		F914687E16E6E1EE000503ED /* VDMediaControlView.m in Sources */ = {isa = PBXBuildFile; fileRef = F914687D16E6E1EE000503ED /* VDMediaControlView.m */; };
		F919734B16E58D1500B72284 /* Icon.png in Resources */ = {isa = PBXBuildFile; fileRef = F919734A16E58D1500B72284 /* Icon.png */; };
		F919734D16E58D1B00B72284 /* Icon@2x.png in Resources */ = {isa = PBXBuildFile; fileRef = F919734C16E58D1B00B72284 /* Icon@2x.png */; };
		F9A3351016F983E000F798CC /* Default.png in Resources */ = {isa = PBXBuildFile; fileRef = F9A3350E16F983E000F798CC /* Default.png */; };
		F9A3351116F983E000F798CC /* Default@2x.png in Resources */ = {isa = PBXBuildFile; fileRef = F9A3350F16F983E000F798CC /* Default@2x.png */; };
		F9BEE60C16F8140D00941DBE /* UIImageView+Clipped.m in Sources */ = {isa = PBXBuildFile; fileRef = F9BEE60B16F8140D00941DBE /* UIImageView+Clipped.m */; };
		F9D3476D16C0F3A7009F352C /* UIKit.framework in Frameworks */ = {isa = PBXBuildFile; fileRef = F9D3476C16C0F3A7009F352C /* UIKit.framework */; };
		F9D3476F16C0F3A7009F352C /* Foundation.framework in Frameworks */ = {isa = PBXBuildFile; fileRef = F9D3476E16C0F3A7009F352C /* Foundation.framework */; };
		F9D3477116C0F3A7009F352C /* CoreGraphics.framework in Frameworks */ = {isa = PBXBuildFile; fileRef = F9D3477016C0F3A7009F352C /* CoreGraphics.framework */; };
		F9D3477716C0F3A7009F352C /* InfoPlist.strings in Resources */ = {isa = PBXBuildFile; fileRef = F9D3477516C0F3A7009F352C /* InfoPlist.strings */; };
		F9D3477916C0F3A7009F352C /* main.m in Sources */ = {isa = PBXBuildFile; fileRef = F9D3477816C0F3A7009F352C /* main.m */; };
		F9D3477D16C0F3A7009F352C /* VDAppDelegate.m in Sources */ = {isa = PBXBuildFile; fileRef = F9D3477C16C0F3A7009F352C /* VDAppDelegate.m */; };
		F9D3477F16C0F3A7009F352C /* Default.png in Resources */ = {isa = PBXBuildFile; fileRef = F9D3477E16C0F3A7009F352C /* Default.png */; };
		F9D3478116C0F3A7009F352C /* Default@2x.png in Resources */ = {isa = PBXBuildFile; fileRef = F9D3478016C0F3A7009F352C /* Default@2x.png */; };
		F9D3478316C0F3A7009F352C /* Default-568h@2x.png in Resources */ = {isa = PBXBuildFile; fileRef = F9D3478216C0F3A7009F352C /* Default-568h@2x.png */; };
		F9D3478616C0F3A7009F352C /* VDViewController.m in Sources */ = {isa = PBXBuildFile; fileRef = F9D3478516C0F3A7009F352C /* VDViewController.m */; };
		F9D3478916C0F3A7009F352C /* VDViewController.xib in Resources */ = {isa = PBXBuildFile; fileRef = F9D3478716C0F3A7009F352C /* VDViewController.xib */; };
		F9D3479516C0F605009F352C /* VDCommon.m in Sources */ = {isa = PBXBuildFile; fileRef = F9D3479416C0F605009F352C /* VDCommon.m */; };
		F9D3479716C0F9D6009F352C /* Menu.plist in Resources */ = {isa = PBXBuildFile; fileRef = F9D3479616C0F9D6009F352C /* Menu.plist */; };
		F9D347A216C10148009F352C /* VDPageRefreshDemoViewController.m in Sources */ = {isa = PBXBuildFile; fileRef = F9D347A116C10148009F352C /* VDPageRefreshDemoViewController.m */; };
		F9D347A516C101ED009F352C /* VDPageRefreshView.m in Sources */ = {isa = PBXBuildFile; fileRef = F9D347A416C101ED009F352C /* VDPageRefreshView.m */; };
		F9F0C64316E0A08F003253AD /* VDPopImageView.m in Sources */ = {isa = PBXBuildFile; fileRef = F9F0C64216E0A08F003253AD /* VDPopImageView.m */; };
		F9F0C64616E0A13A003253AD /* VDLoadImageViewController.m in Sources */ = {isa = PBXBuildFile; fileRef = F9F0C64516E0A13A003253AD /* VDLoadImageViewController.m */; };
		F9F0C64916E0AE4C003253AD /* VDPopImageDemoViewController.m in Sources */ = {isa = PBXBuildFile; fileRef = F9F0C64816E0AE4C003253AD /* VDPopImageDemoViewController.m */; };
		F9F30C6F16E8792400C31DE1 /* 400_3815_12_1358485896006.mp4 in Resources */ = {isa = PBXBuildFile; fileRef = F9F30C6D16E8792400C31DE1 /* 400_3815_12_1358485896006.mp4 */; };
		F9F30C7016E8792400C31DE1 /* Music.mp3 in Resources */ = {isa = PBXBuildFile; fileRef = F9F30C6E16E8792400C31DE1 /* Music.mp3 */; };
/* End PBXBuildFile section */

/* Begin PBXFileReference section */
		1C8DCADB16F8B78A00B872DF /* AGSimpleImageEditorView.h */ = {isa = PBXFileReference; fileEncoding = 4; lastKnownFileType = sourcecode.c.h; path = AGSimpleImageEditorView.h; sourceTree = "<group>"; };
		1C8DCADC16F8B78A00B872DF /* AGSimpleImageEditorView.m */ = {isa = PBXFileReference; fileEncoding = 4; lastKnownFileType = sourcecode.c.objc; path = AGSimpleImageEditorView.m; sourceTree = "<group>"; };
		1C8DCADD16F8B78A00B872DF /* BarrettMacros.h */ = {isa = PBXFileReference; fileEncoding = 4; lastKnownFileType = sourcecode.c.h; path = BarrettMacros.h; sourceTree = "<group>"; };
		1C8DCADE16F8B78A00B872DF /* BJImageCropper.h */ = {isa = PBXFileReference; fileEncoding = 4; lastKnownFileType = sourcecode.c.h; path = BJImageCropper.h; sourceTree = "<group>"; };
		1C8DCADF16F8B78A00B872DF /* BJImageCropper.m */ = {isa = PBXFileReference; fileEncoding = 4; lastKnownFileType = sourcecode.c.objc; path = BJImageCropper.m; sourceTree = "<group>"; };
		1C8DCAE016F8B78A00B872DF /* JBSignatureView.h */ = {isa = PBXFileReference; fileEncoding = 4; lastKnownFileType = sourcecode.c.h; path = JBSignatureView.h; sourceTree = "<group>"; };
		1C8DCAE116F8B78A00B872DF /* JBSignatureView.m */ = {isa = PBXFileReference; fileEncoding = 4; lastKnownFileType = sourcecode.c.objc; path = JBSignatureView.m; sourceTree = "<group>"; };
		1C8DCAE316F8B78A00B872DF /* MCSegmentedControl.h */ = {isa = PBXFileReference; fileEncoding = 4; lastKnownFileType = sourcecode.c.h; path = MCSegmentedControl.h; sourceTree = "<group>"; };
		1C8DCAE416F8B78A00B872DF /* MCSegmentedControl.m */ = {isa = PBXFileReference; fileEncoding = 4; lastKnownFileType = sourcecode.c.objc; path = MCSegmentedControl.m; sourceTree = "<group>"; };
		1C8DCAE516F8B78A00B872DF /* UICliper.h */ = {isa = PBXFileReference; fileEncoding = 4; lastKnownFileType = sourcecode.c.h; path = UICliper.h; sourceTree = "<group>"; };
		1C8DCAE616F8B78A00B872DF /* UICliper.m */ = {isa = PBXFileReference; fileEncoding = 4; lastKnownFileType = sourcecode.c.objc; path = UICliper.m; sourceTree = "<group>"; };
		1C8DCAF716F8B78A00B872DF /* VIcImageViewController.h */ = {isa = PBXFileReference; fileEncoding = 4; lastKnownFileType = sourcecode.c.h; name = VIcImageViewController.h; path = VicImageController/VIcImageViewController.h; sourceTree = "<group>"; };
		1C8DCAF816F8B78A00B872DF /* VIcImageViewController.m */ = {isa = PBXFileReference; fileEncoding = 4; lastKnownFileType = sourcecode.c.objc; name = VIcImageViewController.m; path = VicImageController/VIcImageViewController.m; sourceTree = "<group>"; };
		CC228876CB17435F86257E2C /* libPods.a */ = {isa = PBXFileReference; explicitFileType = archive.ar; includeInIndex = 0; path = libPods.a; sourceTree = BUILT_PRODUCTS_DIR; };
		DF258B2731CE4390AA8BE695 /* Pods.xcconfig */ = {isa = PBXFileReference; includeInIndex = 1; lastKnownFileType = text.xcconfig; name = Pods.xcconfig; path = Pods/Pods.xcconfig; sourceTree = SOURCE_ROOT; };
		F9035AF016F0160B00DABD67 /* VDShareKitDemoViewController.h */ = {isa = PBXFileReference; fileEncoding = 4; lastKnownFileType = sourcecode.c.h; path = VDShareKitDemoViewController.h; sourceTree = "<group>"; };
		F9035AF116F0160B00DABD67 /* VDShareKitDemoViewController.m */ = {isa = PBXFileReference; fileEncoding = 4; lastKnownFileType = sourcecode.c.objc; path = VDShareKitDemoViewController.m; sourceTree = "<group>"; };
		F9035D1D16F05CC000DABD67 /* VDScrollDemoViewController.h */ = {isa = PBXFileReference; fileEncoding = 4; lastKnownFileType = sourcecode.c.h; path = VDScrollDemoViewController.h; sourceTree = "<group>"; };
		F9035D1E16F05CC000DABD67 /* VDScrollDemoViewController.m */ = {isa = PBXFileReference; fileEncoding = 4; lastKnownFileType = sourcecode.c.objc; path = VDScrollDemoViewController.m; sourceTree = "<group>"; };
		F912463A16F9520E009679C4 /* QuartzCore.framework */ = {isa = PBXFileReference; lastKnownFileType = wrapper.framework; name = QuartzCore.framework; path = System/Library/Frameworks/QuartzCore.framework; sourceTree = SDKROOT; };
		F912463C16F95226009679C4 /* AssetsLibrary.framework */ = {isa = PBXFileReference; lastKnownFileType = wrapper.framework; name = AssetsLibrary.framework; path = System/Library/Frameworks/AssetsLibrary.framework; sourceTree = SDKROOT; };
		F912464016F95B9E009679C4 /* Pic.bundle */ = {isa = PBXFileReference; lastKnownFileType = "wrapper.plug-in"; path = Pic.bundle; sourceTree = "<group>"; };
		F914687C16E6E1EE000503ED /* VDMediaControlView.h */ = {isa = PBXFileReference; fileEncoding = 4; lastKnownFileType = sourcecode.c.h; path = VDMediaControlView.h; sourceTree = "<group>"; };
		F914687D16E6E1EE000503ED /* VDMediaControlView.m */ = {isa = PBXFileReference; fileEncoding = 4; lastKnownFileType = sourcecode.c.objc; path = VDMediaControlView.m; sourceTree = "<group>"; };
		F919734A16E58D1500B72284 /* Icon.png */ = {isa = PBXFileReference; lastKnownFileType = image.png; path = Icon.png; sourceTree = "<group>"; };
		F919734C16E58D1B00B72284 /* Icon@2x.png */ = {isa = PBXFileReference; lastKnownFileType = image.png; path = "Icon@2x.png"; sourceTree = "<group>"; };
		F9A3350E16F983E000F798CC /* Default.png */ = {isa = PBXFileReference; lastKnownFileType = image.png; path = Default.png; sourceTree = "<group>"; };
		F9A3350F16F983E000F798CC /* Default@2x.png */ = {isa = PBXFileReference; lastKnownFileType = image.png; path = "Default@2x.png"; sourceTree = "<group>"; };
		F9BEE60A16F8140D00941DBE /* UIImageView+Clipped.h */ = {isa = PBXFileReference; fileEncoding = 4; lastKnownFileType = sourcecode.c.h; path = "UIImageView+Clipped.h"; sourceTree = "<group>"; };
		F9BEE60B16F8140D00941DBE /* UIImageView+Clipped.m */ = {isa = PBXFileReference; fileEncoding = 4; lastKnownFileType = sourcecode.c.objc; path = "UIImageView+Clipped.m"; sourceTree = "<group>"; };
		F9D3476916C0F3A7009F352C /* Vdemo.app */ = {isa = PBXFileReference; explicitFileType = wrapper.application; includeInIndex = 0; path = Vdemo.app; sourceTree = BUILT_PRODUCTS_DIR; };
		F9D3476C16C0F3A7009F352C /* UIKit.framework */ = {isa = PBXFileReference; lastKnownFileType = wrapper.framework; name = UIKit.framework; path = System/Library/Frameworks/UIKit.framework; sourceTree = SDKROOT; };
		F9D3476E16C0F3A7009F352C /* Foundation.framework */ = {isa = PBXFileReference; lastKnownFileType = wrapper.framework; name = Foundation.framework; path = System/Library/Frameworks/Foundation.framework; sourceTree = SDKROOT; };
		F9D3477016C0F3A7009F352C /* CoreGraphics.framework */ = {isa = PBXFileReference; lastKnownFileType = wrapper.framework; name = CoreGraphics.framework; path = System/Library/Frameworks/CoreGraphics.framework; sourceTree = SDKROOT; };
		F9D3477416C0F3A7009F352C /* Vdemo-Info.plist */ = {isa = PBXFileReference; lastKnownFileType = text.plist.xml; path = "Vdemo-Info.plist"; sourceTree = "<group>"; };
		F9D3477616C0F3A7009F352C /* en */ = {isa = PBXFileReference; lastKnownFileType = text.plist.strings; name = en; path = en.lproj/InfoPlist.strings; sourceTree = "<group>"; };
		F9D3477816C0F3A7009F352C /* main.m */ = {isa = PBXFileReference; lastKnownFileType = sourcecode.c.objc; path = main.m; sourceTree = "<group>"; };
		F9D3477A16C0F3A7009F352C /* Vdemo-Prefix.pch */ = {isa = PBXFileReference; lastKnownFileType = sourcecode.c.h; path = "Vdemo-Prefix.pch"; sourceTree = "<group>"; };
		F9D3477B16C0F3A7009F352C /* VDAppDelegate.h */ = {isa = PBXFileReference; lastKnownFileType = sourcecode.c.h; path = VDAppDelegate.h; sourceTree = "<group>"; };
		F9D3477C16C0F3A7009F352C /* VDAppDelegate.m */ = {isa = PBXFileReference; lastKnownFileType = sourcecode.c.objc; path = VDAppDelegate.m; sourceTree = "<group>"; };
		F9D3477E16C0F3A7009F352C /* Default.png */ = {isa = PBXFileReference; lastKnownFileType = image.png; path = Default.png; sourceTree = "<group>"; };
		F9D3478016C0F3A7009F352C /* Default@2x.png */ = {isa = PBXFileReference; lastKnownFileType = image.png; path = "Default@2x.png"; sourceTree = "<group>"; };
		F9D3478216C0F3A7009F352C /* Default-568h@2x.png */ = {isa = PBXFileReference; lastKnownFileType = image.png; path = "Default-568h@2x.png"; sourceTree = "<group>"; };
		F9D3478416C0F3A7009F352C /* VDViewController.h */ = {isa = PBXFileReference; lastKnownFileType = sourcecode.c.h; path = VDViewController.h; sourceTree = "<group>"; };
		F9D3478516C0F3A7009F352C /* VDViewController.m */ = {isa = PBXFileReference; lastKnownFileType = sourcecode.c.objc; path = VDViewController.m; sourceTree = "<group>"; };
		F9D3478816C0F3A7009F352C /* en */ = {isa = PBXFileReference; lastKnownFileType = file.xib; name = en; path = en.lproj/VDViewController.xib; sourceTree = "<group>"; };
		F9D3479316C0F605009F352C /* VDCommon.h */ = {isa = PBXFileReference; fileEncoding = 4; lastKnownFileType = sourcecode.c.h; path = VDCommon.h; sourceTree = "<group>"; };
		F9D3479416C0F605009F352C /* VDCommon.m */ = {isa = PBXFileReference; fileEncoding = 4; lastKnownFileType = sourcecode.c.objc; path = VDCommon.m; sourceTree = "<group>"; };
		F9D3479616C0F9D6009F352C /* Menu.plist */ = {isa = PBXFileReference; fileEncoding = 4; lastKnownFileType = text.plist.xml; name = Menu.plist; path = ../Vdemo/Menu.plist; sourceTree = "<group>"; };
		F9D3479816C0FBDF009F352C /* Constant.h */ = {isa = PBXFileReference; fileEncoding = 4; lastKnownFileType = sourcecode.c.h; name = Constant.h; path = ../Vdemo/Constant.h; sourceTree = "<group>"; };
		F9D347A016C10148009F352C /* VDPageRefreshDemoViewController.h */ = {isa = PBXFileReference; fileEncoding = 4; lastKnownFileType = sourcecode.c.h; path = VDPageRefreshDemoViewController.h; sourceTree = "<group>"; };
		F9D347A116C10148009F352C /* VDPageRefreshDemoViewController.m */ = {isa = PBXFileReference; fileEncoding = 4; lastKnownFileType = sourcecode.c.objc; path = VDPageRefreshDemoViewController.m; sourceTree = "<group>"; };
		F9D347A316C101ED009F352C /* VDPageRefreshView.h */ = {isa = PBXFileReference; fileEncoding = 4; lastKnownFileType = sourcecode.c.h; path = VDPageRefreshView.h; sourceTree = "<group>"; };
		F9D347A416C101ED009F352C /* VDPageRefreshView.m */ = {isa = PBXFileReference; fileEncoding = 4; lastKnownFileType = sourcecode.c.objc; path = VDPageRefreshView.m; sourceTree = "<group>"; };
		F9F0C64116E0A08F003253AD /* VDPopImageView.h */ = {isa = PBXFileReference; fileEncoding = 4; lastKnownFileType = sourcecode.c.h; path = VDPopImageView.h; sourceTree = "<group>"; };
		F9F0C64216E0A08F003253AD /* VDPopImageView.m */ = {isa = PBXFileReference; fileEncoding = 4; lastKnownFileType = sourcecode.c.objc; path = VDPopImageView.m; sourceTree = "<group>"; };
		F9F0C64416E0A13A003253AD /* VDLoadImageViewController.h */ = {isa = PBXFileReference; fileEncoding = 4; lastKnownFileType = sourcecode.c.h; path = VDLoadImageViewController.h; sourceTree = "<group>"; };
		F9F0C64516E0A13A003253AD /* VDLoadImageViewController.m */ = {isa = PBXFileReference; fileEncoding = 4; lastKnownFileType = sourcecode.c.objc; path = VDLoadImageViewController.m; sourceTree = "<group>"; };
		F9F0C64716E0AE4C003253AD /* VDPopImageDemoViewController.h */ = {isa = PBXFileReference; fileEncoding = 4; lastKnownFileType = sourcecode.c.h; path = VDPopImageDemoViewController.h; sourceTree = "<group>"; };
		F9F0C64816E0AE4C003253AD /* VDPopImageDemoViewController.m */ = {isa = PBXFileReference; fileEncoding = 4; lastKnownFileType = sourcecode.c.objc; path = VDPopImageDemoViewController.m; sourceTree = "<group>"; };
		F9F30C6D16E8792400C31DE1 /* 400_3815_12_1358485896006.mp4 */ = {isa = PBXFileReference; lastKnownFileType = file; path = 400_3815_12_1358485896006.mp4; sourceTree = "<group>"; };
		F9F30C6E16E8792400C31DE1 /* Music.mp3 */ = {isa = PBXFileReference; lastKnownFileType = audio.mp3; path = Music.mp3; sourceTree = "<group>"; };
/* End PBXFileReference section */

/* Begin PBXFrameworksBuildPhase section */
		F9D3476616C0F3A7009F352C /* Frameworks */ = {
			isa = PBXFrameworksBuildPhase;
			buildActionMask = 2147483647;
			files = (
				F912463D16F95226009679C4 /* AssetsLibrary.framework in Frameworks */,
				F912463B16F9520E009679C4 /* QuartzCore.framework in Frameworks */,
				F9D3476D16C0F3A7009F352C /* UIKit.framework in Frameworks */,
				F9D3476F16C0F3A7009F352C /* Foundation.framework in Frameworks */,
				F9D3477116C0F3A7009F352C /* CoreGraphics.framework in Frameworks */,
				E0812737ECD1404B92D5D84D /* libPods.a in Frameworks */,
			);
			runOnlyForDeploymentPostprocessing = 0;
		};
/* End PBXFrameworksBuildPhase section */

/* Begin PBXGroup section */
		1C8DCAD916F8B75900B872DF /* VDImageEditViewController */ = {
			isa = PBXGroup;
			children = (
				1C8DCADA16F8B78A00B872DF /* Controllers */,
				1C8DCAE716F8B78A00B872DF /* Resource */,
				1C8DCAF716F8B78A00B872DF /* VIcImageViewController.h */,
				1C8DCAF816F8B78A00B872DF /* VIcImageViewController.m */,
			);
			name = VDImageEditViewController;
			sourceTree = "<group>";
		};
		1C8DCADA16F8B78A00B872DF /* Controllers */ = {
			isa = PBXGroup;
			children = (
				1C8DCADB16F8B78A00B872DF /* AGSimpleImageEditorView.h */,
				1C8DCADC16F8B78A00B872DF /* AGSimpleImageEditorView.m */,
				1C8DCADD16F8B78A00B872DF /* BarrettMacros.h */,
				1C8DCADE16F8B78A00B872DF /* BJImageCropper.h */,
				1C8DCADF16F8B78A00B872DF /* BJImageCropper.m */,
				1C8DCAE016F8B78A00B872DF /* JBSignatureView.h */,
				1C8DCAE116F8B78A00B872DF /* JBSignatureView.m */,
				1C8DCAE216F8B78A00B872DF /* MCSegmentedControl */,
				1C8DCAE516F8B78A00B872DF /* UICliper.h */,
				1C8DCAE616F8B78A00B872DF /* UICliper.m */,
			);
			name = Controllers;
			path = VicImageController/Controllers;
			sourceTree = "<group>";
		};
		1C8DCAE216F8B78A00B872DF /* MCSegmentedControl */ = {
			isa = PBXGroup;
			children = (
				1C8DCAE316F8B78A00B872DF /* MCSegmentedControl.h */,
				1C8DCAE416F8B78A00B872DF /* MCSegmentedControl.m */,
			);
			path = MCSegmentedControl;
			sourceTree = "<group>";
		};
		1C8DCAE716F8B78A00B872DF /* Resource */ = {
			isa = PBXGroup;
			children = (
				F912464016F95B9E009679C4 /* Pic.bundle */,
			);
			name = Resource;
			path = VicImageController/Resource;
			sourceTree = "<group>";
		};
		F919735016E59D3700B72284 /* VDMediaPlayerView */ = {
			isa = PBXGroup;
			children = (
				F914687C16E6E1EE000503ED /* VDMediaControlView.h */,
				F914687D16E6E1EE000503ED /* VDMediaControlView.m */,
			);
			name = VDMediaPlayerView;
			sourceTree = "<group>";
		};
		F948ECB316E44E10005BB638 /* Resources */ = {
			isa = PBXGroup;
			children = (
				F948ECB616E44FDC005BB638 /* Pics */,
				F9F30C6D16E8792400C31DE1 /* 400_3815_12_1358485896006.mp4 */,
				F9F30C6E16E8792400C31DE1 /* Music.mp3 */,
				F9D3479816C0FBDF009F352C /* Constant.h */,
				F9D3479616C0F9D6009F352C /* Menu.plist */,
			);
			name = Resources;
			path = Resource;
			sourceTree = "<group>";
		};
		F948ECB616E44FDC005BB638 /* Pics */ = {
			isa = PBXGroup;
			children = (
				F9A3350E16F983E000F798CC /* Default.png */,
				F9A3350F16F983E000F798CC /* Default@2x.png */,
			);
			name = Pics;
			sourceTree = "<group>";
		};
		F97563C716C1FA430093198F /* Vendor */ = {
			isa = PBXGroup;
			children = (
			);
			name = Vendor;
			sourceTree = "<group>";
		};
		F99A541616E486B400D06DE1 /* Library */ = {
			isa = PBXGroup;
			children = (
			);
			path = Library;
			sourceTree = "<group>";
		};
		F9BEE60516F8130900941DBE /* UIImageView+Clipped */ = {
			isa = PBXGroup;
			children = (
				F9BEE60A16F8140D00941DBE /* UIImageView+Clipped.h */,
				F9BEE60B16F8140D00941DBE /* UIImageView+Clipped.m */,
			);
			name = "UIImageView+Clipped";
			sourceTree = "<group>";
		};
		F9D3476016C0F3A7009F352C = {
			isa = PBXGroup;
			children = (
				F919734C16E58D1B00B72284 /* Icon@2x.png */,
				F919734A16E58D1500B72284 /* Icon.png */,
				F99A541616E486B400D06DE1 /* Library */,
				F97563C716C1FA430093198F /* Vendor */,
				F948ECB316E44E10005BB638 /* Resources */,
				F9D3477216C0F3A7009F352C /* Vdemo */,
				F9D3476B16C0F3A7009F352C /* Frameworks */,
				F9D3476A16C0F3A7009F352C /* Products */,
				DF258B2731CE4390AA8BE695 /* Pods.xcconfig */,
			);
			sourceTree = "<group>";
		};
		F9D3476A16C0F3A7009F352C /* Products */ = {
			isa = PBXGroup;
			children = (
				F9D3476916C0F3A7009F352C /* Vdemo.app */,
			);
			name = Products;
			sourceTree = "<group>";
		};
		F9D3476B16C0F3A7009F352C /* Frameworks */ = {
			isa = PBXGroup;
			children = (
				F912463C16F95226009679C4 /* AssetsLibrary.framework */,
				F912463A16F9520E009679C4 /* QuartzCore.framework */,
				F9D3476C16C0F3A7009F352C /* UIKit.framework */,
				F9D3476E16C0F3A7009F352C /* Foundation.framework */,
				F9D3477016C0F3A7009F352C /* CoreGraphics.framework */,
				CC228876CB17435F86257E2C /* libPods.a */,
			);
			name = Frameworks;
			sourceTree = "<group>";
		};
		F9D3477216C0F3A7009F352C /* Vdemo */ = {
			isa = PBXGroup;
			children = (
				F9D3479C16C100F2009F352C /* Classes */,
				F9D3479216C0F5DE009F352C /* Common */,
				F9D3479016C0F575009F352C /* Models */,
				F9D3478F16C0F3D3009F352C /* View Controllers */,
				F9D3477B16C0F3A7009F352C /* VDAppDelegate.h */,
				F9D3477C16C0F3A7009F352C /* VDAppDelegate.m */,
				F9D3478416C0F3A7009F352C /* VDViewController.h */,
				F9D3478516C0F3A7009F352C /* VDViewController.m */,
				F9D3478716C0F3A7009F352C /* VDViewController.xib */,
				F9D3477316C0F3A7009F352C /* Supporting Files */,
			);
			path = Vdemo;
			sourceTree = "<group>";
		};
		F9D3477316C0F3A7009F352C /* Supporting Files */ = {
			isa = PBXGroup;
			children = (
				F9D3477416C0F3A7009F352C /* Vdemo-Info.plist */,
				F9D3477516C0F3A7009F352C /* InfoPlist.strings */,
				F9D3477816C0F3A7009F352C /* main.m */,
				F9D3477A16C0F3A7009F352C /* Vdemo-Prefix.pch */,
				F9D3477E16C0F3A7009F352C /* Default.png */,
				F9D3478016C0F3A7009F352C /* Default@2x.png */,
				F9D3478216C0F3A7009F352C /* Default-568h@2x.png */,
			);
			name = "Supporting Files";
			sourceTree = "<group>";
		};
		F9D3478F16C0F3D3009F352C /* View Controllers */ = {
			isa = PBXGroup;
			children = (
				F9D347A016C10148009F352C /* VDPageRefreshDemoViewController.h */,
				F9D347A116C10148009F352C /* VDPageRefreshDemoViewController.m */,
				F9F0C64716E0AE4C003253AD /* VDPopImageDemoViewController.h */,
				F9F0C64816E0AE4C003253AD /* VDPopImageDemoViewController.m */,
				F9035AF016F0160B00DABD67 /* VDShareKitDemoViewController.h */,
				F9035AF116F0160B00DABD67 /* VDShareKitDemoViewController.m */,
				F9035D1D16F05CC000DABD67 /* VDScrollDemoViewController.h */,
				F9035D1E16F05CC000DABD67 /* VDScrollDemoViewController.m */,
			);
			name = "View Controllers";
			sourceTree = "<group>";
		};
		F9D3479016C0F575009F352C /* Models */ = {
			isa = PBXGroup;
			children = (
			);
			name = Models;
			sourceTree = "<group>";
		};
		F9D3479216C0F5DE009F352C /* Common */ = {
			isa = PBXGroup;
			children = (
				F9D3479316C0F605009F352C /* VDCommon.h */,
				F9D3479416C0F605009F352C /* VDCommon.m */,
			);
			name = Common;
			sourceTree = "<group>";
		};
		F9D3479C16C100F2009F352C /* Classes */ = {
			isa = PBXGroup;
			children = (
				1C8DCAD916F8B75900B872DF /* VDImageEditViewController */,
				F9BEE60516F8130900941DBE /* UIImageView+Clipped */,
				F919735016E59D3700B72284 /* VDMediaPlayerView */,
				F9F0C64016E09FF2003253AD /* VDPopImageView */,
				F9F0C63F16E09FD3003253AD /* VDPageRefreshView */,
			);
			name = Classes;
			sourceTree = "<group>";
		};
		F9F0C63F16E09FD3003253AD /* VDPageRefreshView */ = {
			isa = PBXGroup;
			children = (
				F9D347A316C101ED009F352C /* VDPageRefreshView.h */,
				F9D347A416C101ED009F352C /* VDPageRefreshView.m */,
			);
			name = VDPageRefreshView;
			sourceTree = "<group>";
		};
		F9F0C64016E09FF2003253AD /* VDPopImageView */ = {
			isa = PBXGroup;
			children = (
				F9F0C64116E0A08F003253AD /* VDPopImageView.h */,
				F9F0C64216E0A08F003253AD /* VDPopImageView.m */,
				F9F0C64416E0A13A003253AD /* VDLoadImageViewController.h */,
				F9F0C64516E0A13A003253AD /* VDLoadImageViewController.m */,
			);
			name = VDPopImageView;
			sourceTree = "<group>";
		};
/* End PBXGroup section */

/* Begin PBXNativeTarget section */
		F9D3476816C0F3A7009F352C /* Vdemo */ = {
			isa = PBXNativeTarget;
			buildConfigurationList = F9D3478C16C0F3A7009F352C /* Build configuration list for PBXNativeTarget "Vdemo" */;
			buildPhases = (
				F9D3476516C0F3A7009F352C /* Sources */,
				F9D3476616C0F3A7009F352C /* Frameworks */,
				F9D3476716C0F3A7009F352C /* Resources */,
				B2D14EAE31A440948658F910 /* Copy Pods Resources */,
			);
			buildRules = (
			);
			dependencies = (
			);
			name = Vdemo;
			productName = Vdemo;
			productReference = F9D3476916C0F3A7009F352C /* Vdemo.app */;
			productType = "com.apple.product-type.application";
		};
/* End PBXNativeTarget section */

/* Begin PBXProject section */
		F9D3476116C0F3A7009F352C /* Project object */ = {
			isa = PBXProject;
			attributes = {
				CLASSPREFIX = VD;
				LastUpgradeCheck = 0460;
				ORGANIZATIONNAME = "Vic Zhou";
			};
			buildConfigurationList = F9D3476416C0F3A7009F352C /* Build configuration list for PBXProject "Vdemo" */;
			compatibilityVersion = "Xcode 3.2";
			developmentRegion = English;
			hasScannedForEncodings = 0;
			knownRegions = (
				en,
			);
			mainGroup = F9D3476016C0F3A7009F352C;
			productRefGroup = F9D3476A16C0F3A7009F352C /* Products */;
			projectDirPath = "";
			projectRoot = "";
			targets = (
				F9D3476816C0F3A7009F352C /* Vdemo */,
			);
		};
/* End PBXProject section */

/* Begin PBXResourcesBuildPhase section */
		F9D3476716C0F3A7009F352C /* Resources */ = {
			isa = PBXResourcesBuildPhase;
			buildActionMask = 2147483647;
			files = (
				F9D3477716C0F3A7009F352C /* InfoPlist.strings in Resources */,
				F9D3477F16C0F3A7009F352C /* Default.png in Resources */,
				F9D3478116C0F3A7009F352C /* Default@2x.png in Resources */,
				F9D3478316C0F3A7009F352C /* Default-568h@2x.png in Resources */,
				F9D3478916C0F3A7009F352C /* VDViewController.xib in Resources */,
				F9D3479716C0F9D6009F352C /* Menu.plist in Resources */,
				F919734B16E58D1500B72284 /* Icon.png in Resources */,
				F919734D16E58D1B00B72284 /* Icon@2x.png in Resources */,
				F9F30C6F16E8792400C31DE1 /* 400_3815_12_1358485896006.mp4 in Resources */,
				F9F30C7016E8792400C31DE1 /* Music.mp3 in Resources */,
				F912464116F95B9E009679C4 /* Pic.bundle in Resources */,
				F9A3351016F983E000F798CC /* Default.png in Resources */,
				F9A3351116F983E000F798CC /* Default@2x.png in Resources */,
			);
			runOnlyForDeploymentPostprocessing = 0;
		};
/* End PBXResourcesBuildPhase section */

/* Begin PBXShellScriptBuildPhase section */
		B2D14EAE31A440948658F910 /* Copy Pods Resources */ = {
			isa = PBXShellScriptBuildPhase;
			buildActionMask = 2147483647;
			files = (
			);
			inputPaths = (
			);
			name = "Copy Pods Resources";
			outputPaths = (
			);
			runOnlyForDeploymentPostprocessing = 0;
			shellPath = /bin/sh;
			shellScript = "\"${SRCROOT}/Pods/Pods-resources.sh\"\n";
		};
/* End PBXShellScriptBuildPhase section */

/* Begin PBXSourcesBuildPhase section */
		F9D3476516C0F3A7009F352C /* Sources */ = {
			isa = PBXSourcesBuildPhase;
			buildActionMask = 2147483647;
			files = (
				F9D3477916C0F3A7009F352C /* main.m in Sources */,
				F9D3477D16C0F3A7009F352C /* VDAppDelegate.m in Sources */,
				F9D3478616C0F3A7009F352C /* VDViewController.m in Sources */,
				F9D3479516C0F605009F352C /* VDCommon.m in Sources */,
				F9D347A216C10148009F352C /* VDPageRefreshDemoViewController.m in Sources */,
				F9D347A516C101ED009F352C /* VDPageRefreshView.m in Sources */,
				F9F0C64316E0A08F003253AD /* VDPopImageView.m in Sources */,
				F9F0C64616E0A13A003253AD /* VDLoadImageViewController.m in Sources */,
				F9F0C64916E0AE4C003253AD /* VDPopImageDemoViewController.m in Sources */,
				F914687E16E6E1EE000503ED /* VDMediaControlView.m in Sources */,
				F9035AF216F0160B00DABD67 /* VDShareKitDemoViewController.m in Sources */,
				F9035D1F16F05CC000DABD67 /* VDScrollDemoViewController.m in Sources */,
				F9BEE60C16F8140D00941DBE /* UIImageView+Clipped.m in Sources */,
				1C8DCAF916F8B78A00B872DF /* AGSimpleImageEditorView.m in Sources */,
				1C8DCAFA16F8B78A00B872DF /* BJImageCropper.m in Sources */,
				1C8DCAFB16F8B78A00B872DF /* JBSignatureView.m in Sources */,
				1C8DCAFC16F8B78A00B872DF /* MCSegmentedControl.m in Sources */,
				1C8DCAFD16F8B78A00B872DF /* UICliper.m in Sources */,
				1C8DCB0C16F8B78A00B872DF /* VIcImageViewController.m in Sources */,
			);
			runOnlyForDeploymentPostprocessing = 0;
		};
/* End PBXSourcesBuildPhase section */

/* Begin PBXVariantGroup section */
		F9D3477516C0F3A7009F352C /* InfoPlist.strings */ = {
			isa = PBXVariantGroup;
			children = (
				F9D3477616C0F3A7009F352C /* en */,
			);
			name = InfoPlist.strings;
			sourceTree = "<group>";
		};
		F9D3478716C0F3A7009F352C /* VDViewController.xib */ = {
			isa = PBXVariantGroup;
			children = (
				F9D3478816C0F3A7009F352C /* en */,
			);
			name = VDViewController.xib;
			sourceTree = "<group>";
		};
/* End PBXVariantGroup section */

/* Begin XCBuildConfiguration section */
		F9D3478A16C0F3A7009F352C /* Debug */ = {
			isa = XCBuildConfiguration;
			buildSettings = {
				ALWAYS_SEARCH_USER_PATHS = NO;
				CLANG_CXX_LANGUAGE_STANDARD = "gnu++0x";
				CLANG_CXX_LIBRARY = "libc++";
				CLANG_ENABLE_OBJC_ARC = YES;
				CLANG_WARN_CONSTANT_CONVERSION = YES;
				CLANG_WARN_EMPTY_BODY = YES;
				CLANG_WARN_ENUM_CONVERSION = YES;
				CLANG_WARN_INT_CONVERSION = YES;
				CLANG_WARN__DUPLICATE_METHOD_MATCH = YES;
				"CODE_SIGN_IDENTITY[sdk=iphoneos*]" = "iPhone Developer";
				COPY_PHASE_STRIP = NO;
				GCC_C_LANGUAGE_STANDARD = gnu99;
				GCC_DYNAMIC_NO_PIC = NO;
				GCC_OPTIMIZATION_LEVEL = 0;
				GCC_PREPROCESSOR_DEFINITIONS = (
					"DEBUG=1",
					"$(inherited)",
				);
				GCC_SYMBOLS_PRIVATE_EXTERN = NO;
				GCC_WARN_ABOUT_RETURN_TYPE = YES;
				GCC_WARN_UNINITIALIZED_AUTOS = YES;
				GCC_WARN_UNUSED_VARIABLE = YES;
				IPHONEOS_DEPLOYMENT_TARGET = 5.0;
				ONLY_ACTIVE_ARCH = YES;
				SDKROOT = iphoneos;
			};
			name = Debug;
		};
		F9D3478B16C0F3A7009F352C /* Release */ = {
			isa = XCBuildConfiguration;
			buildSettings = {
				ALWAYS_SEARCH_USER_PATHS = NO;
				CLANG_CXX_LANGUAGE_STANDARD = "gnu++0x";
				CLANG_CXX_LIBRARY = "libc++";
				CLANG_ENABLE_OBJC_ARC = YES;
				CLANG_WARN_CONSTANT_CONVERSION = YES;
				CLANG_WARN_EMPTY_BODY = YES;
				CLANG_WARN_ENUM_CONVERSION = YES;
				CLANG_WARN_INT_CONVERSION = YES;
				CLANG_WARN__DUPLICATE_METHOD_MATCH = YES;
				"CODE_SIGN_IDENTITY[sdk=iphoneos*]" = "iPhone Developer";
				COPY_PHASE_STRIP = YES;
				GCC_C_LANGUAGE_STANDARD = gnu99;
				GCC_WARN_ABOUT_RETURN_TYPE = YES;
				GCC_WARN_UNINITIALIZED_AUTOS = YES;
				GCC_WARN_UNUSED_VARIABLE = YES;
				IPHONEOS_DEPLOYMENT_TARGET = 5.0;
				OTHER_CFLAGS = "-DNS_BLOCK_ASSERTIONS=1";
				SDKROOT = iphoneos;
				VALIDATE_PRODUCT = YES;
			};
			name = Release;
		};
		F9D3478D16C0F3A7009F352C /* Debug */ = {
			isa = XCBuildConfiguration;
			baseConfigurationReference = DF258B2731CE4390AA8BE695 /* Pods.xcconfig */;
			buildSettings = {
				GCC_PRECOMPILE_PREFIX_HEADER = YES;
				GCC_PREFIX_HEADER = "Vdemo/Vdemo-Prefix.pch";
				INFOPLIST_FILE = "Vdemo/Vdemo-Info.plist";
				PRODUCT_NAME = "$(TARGET_NAME)";
				WRAPPER_EXTENSION = app;
			};
			name = Debug;
		};
		F9D3478E16C0F3A7009F352C /* Release */ = {
			isa = XCBuildConfiguration;
			baseConfigurationReference = DF258B2731CE4390AA8BE695 /* Pods.xcconfig */;
			buildSettings = {
				GCC_PRECOMPILE_PREFIX_HEADER = YES;
				GCC_PREFIX_HEADER = "Vdemo/Vdemo-Prefix.pch";
				INFOPLIST_FILE = "Vdemo/Vdemo-Info.plist";
				PRODUCT_NAME = "$(TARGET_NAME)";
				WRAPPER_EXTENSION = app;
			};
			name = Release;
		};
/* End XCBuildConfiguration section */

/* Begin XCConfigurationList section */
		F9D3476416C0F3A7009F352C /* Build configuration list for PBXProject "Vdemo" */ = {
			isa = XCConfigurationList;
			buildConfigurations = (
				F9D3478A16C0F3A7009F352C /* Debug */,
				F9D3478B16C0F3A7009F352C /* Release */,
			);
			defaultConfigurationIsVisible = 0;
			defaultConfigurationName = Release;
		};
		F9D3478C16C0F3A7009F352C /* Build configuration list for PBXNativeTarget "Vdemo" */ = {
			isa = XCConfigurationList;
			buildConfigurations = (
				F9D3478D16C0F3A7009F352C /* Debug */,
				F9D3478E16C0F3A7009F352C /* Release */,
			);
			defaultConfigurationIsVisible = 0;
			defaultConfigurationName = Release;
		};
/* End XCConfigurationList section */
	};
	rootObject = F9D3476116C0F3A7009F352C /* Project object */;
}
